// !$*UTF8*$!
{
	archiveVersion = 1;
	classes = {
	};
	objectVersion = 56;
	objects = {

/* Begin PBXBuildFile section */
		0C42ACBE2C3317FF00CA229B /* TextFieldListView.swift in Sources */ = {isa = PBXBuildFile; fileRef = 0C42ACBD2C3317FF00CA229B /* TextFieldListView.swift */; };
		0C42ACC02C34442000CA229B /* TableView.swift in Sources */ = {isa = PBXBuildFile; fileRef = 0C42ACBF2C34442000CA229B /* TableView.swift */; };
		0C5D69392C34F10200010D08 /* PractiseGround.swift in Sources */ = {isa = PBXBuildFile; fileRef = 0C5D69382C34F10200010D08 /* PractiseGround.swift */; };
		0CEF79232C2DEE9D00697CFA /* FirstSwiftUIAppApp.swift in Sources */ = {isa = PBXBuildFile; fileRef = 0CEF79222C2DEE9D00697CFA /* FirstSwiftUIAppApp.swift */; };
		0CEF79252C2DEE9D00697CFA /* ContentView.swift in Sources */ = {isa = PBXBuildFile; fileRef = 0CEF79242C2DEE9D00697CFA /* ContentView.swift */; };
		0CEF79272C2DEE9E00697CFA /* Assets.xcassets in Resources */ = {isa = PBXBuildFile; fileRef = 0CEF79262C2DEE9E00697CFA /* Assets.xcassets */; };
		0CEF792A2C2DEE9F00697CFA /* Preview Assets.xcassets in Resources */ = {isa = PBXBuildFile; fileRef = 0CEF79292C2DEE9F00697CFA /* Preview Assets.xcassets */; };
		0CEF79342C2DEE9F00697CFA /* FirstSwiftUIAppTests.swift in Sources */ = {isa = PBXBuildFile; fileRef = 0CEF79332C2DEE9F00697CFA /* FirstSwiftUIAppTests.swift */; };
		0CEF793E2C2DEE9F00697CFA /* FirstSwiftUIAppUITests.swift in Sources */ = {isa = PBXBuildFile; fileRef = 0CEF793D2C2DEE9F00697CFA /* FirstSwiftUIAppUITests.swift */; };
		0CEF79402C2DEE9F00697CFA /* FirstSwiftUIAppUITestsLaunchTests.swift in Sources */ = {isa = PBXBuildFile; fileRef = 0CEF793F2C2DEE9F00697CFA /* FirstSwiftUIAppUITestsLaunchTests.swift */; };
		0CEF798E2C2F641300697CFA /* ListView.swift in Sources */ = {isa = PBXBuildFile; fileRef = 0CEF798D2C2F641300697CFA /* ListView.swift */; };
		0CEF79902C2F649E00697CFA /* AddRemoveItemView.swift in Sources */ = {isa = PBXBuildFile; fileRef = 0CEF798F2C2F649E00697CFA /* AddRemoveItemView.swift */; };
		0CEF79922C2F6EF900697CFA /* LaunchScreen.swift in Sources */ = {isa = PBXBuildFile; fileRef = 0CEF79912C2F6EF900697CFA /* LaunchScreen.swift */; };
		0CEF79942C322A6800697CFA /* LoginView.swift in Sources */ = {isa = PBXBuildFile; fileRef = 0CEF79932C322A6800697CFA /* LoginView.swift */; };
		0CEF79962C322B3500697CFA /* ChecklistApp.swift in Sources */ = {isa = PBXBuildFile; fileRef = 0CEF79952C322B3500697CFA /* ChecklistApp.swift */; };
/* End PBXBuildFile section */

/* Begin PBXContainerItemProxy section */
		0CEF79302C2DEE9F00697CFA /* PBXContainerItemProxy */ = {
			isa = PBXContainerItemProxy;
			containerPortal = 0CEF79172C2DEE9D00697CFA /* Project object */;
			proxyType = 1;
			remoteGlobalIDString = 0CEF791E2C2DEE9D00697CFA;
			remoteInfo = FirstSwiftUIApp;
		};
		0CEF793A2C2DEE9F00697CFA /* PBXContainerItemProxy */ = {
			isa = PBXContainerItemProxy;
			containerPortal = 0CEF79172C2DEE9D00697CFA /* Project object */;
			proxyType = 1;
			remoteGlobalIDString = 0CEF791E2C2DEE9D00697CFA;
			remoteInfo = FirstSwiftUIApp;
		};
/* End PBXContainerItemProxy section */

/* Begin PBXFileReference section */
		0C42ACBD2C3317FF00CA229B /* TextFieldListView.swift */ = {isa = PBXFileReference; lastKnownFileType = sourcecode.swift; path = TextFieldListView.swift; sourceTree = "<group>"; };
		0C42ACBF2C34442000CA229B /* TableView.swift */ = {isa = PBXFileReference; lastKnownFileType = sourcecode.swift; path = TableView.swift; sourceTree = "<group>"; };
		0C5D69382C34F10200010D08 /* PractiseGround.swift */ = {isa = PBXFileReference; lastKnownFileType = sourcecode.swift; path = PractiseGround.swift; sourceTree = "<group>"; };
		0CEF791F2C2DEE9D00697CFA /* FirstSwiftUIApp.app */ = {isa = PBXFileReference; explicitFileType = wrapper.application; includeInIndex = 0; path = FirstSwiftUIApp.app; sourceTree = BUILT_PRODUCTS_DIR; };
		0CEF79222C2DEE9D00697CFA /* FirstSwiftUIAppApp.swift */ = {isa = PBXFileReference; lastKnownFileType = sourcecode.swift; path = FirstSwiftUIAppApp.swift; sourceTree = "<group>"; };
		0CEF79242C2DEE9D00697CFA /* ContentView.swift */ = {isa = PBXFileReference; lastKnownFileType = sourcecode.swift; path = ContentView.swift; sourceTree = "<group>"; };
		0CEF79262C2DEE9E00697CFA /* Assets.xcassets */ = {isa = PBXFileReference; lastKnownFileType = folder.assetcatalog; path = Assets.xcassets; sourceTree = "<group>"; };
		0CEF79292C2DEE9F00697CFA /* Preview Assets.xcassets */ = {isa = PBXFileReference; lastKnownFileType = folder.assetcatalog; path = "Preview Assets.xcassets"; sourceTree = "<group>"; };
		0CEF792F2C2DEE9F00697CFA /* FirstSwiftUIAppTests.xctest */ = {isa = PBXFileReference; explicitFileType = wrapper.cfbundle; includeInIndex = 0; path = FirstSwiftUIAppTests.xctest; sourceTree = BUILT_PRODUCTS_DIR; };
		0CEF79332C2DEE9F00697CFA /* FirstSwiftUIAppTests.swift */ = {isa = PBXFileReference; lastKnownFileType = sourcecode.swift; path = FirstSwiftUIAppTests.swift; sourceTree = "<group>"; };
		0CEF79392C2DEE9F00697CFA /* FirstSwiftUIAppUITests.xctest */ = {isa = PBXFileReference; explicitFileType = wrapper.cfbundle; includeInIndex = 0; path = FirstSwiftUIAppUITests.xctest; sourceTree = BUILT_PRODUCTS_DIR; };
		0CEF793D2C2DEE9F00697CFA /* FirstSwiftUIAppUITests.swift */ = {isa = PBXFileReference; lastKnownFileType = sourcecode.swift; path = FirstSwiftUIAppUITests.swift; sourceTree = "<group>"; };
		0CEF793F2C2DEE9F00697CFA /* FirstSwiftUIAppUITestsLaunchTests.swift */ = {isa = PBXFileReference; lastKnownFileType = sourcecode.swift; path = FirstSwiftUIAppUITestsLaunchTests.swift; sourceTree = "<group>"; };
		0CEF798D2C2F641300697CFA /* ListView.swift */ = {isa = PBXFileReference; lastKnownFileType = sourcecode.swift; path = ListView.swift; sourceTree = "<group>"; };
		0CEF798F2C2F649E00697CFA /* AddRemoveItemView.swift */ = {isa = PBXFileReference; lastKnownFileType = sourcecode.swift; path = AddRemoveItemView.swift; sourceTree = "<group>"; };
		0CEF79912C2F6EF900697CFA /* LaunchScreen.swift */ = {isa = PBXFileReference; lastKnownFileType = sourcecode.swift; path = LaunchScreen.swift; sourceTree = "<group>"; };
		0CEF79932C322A6800697CFA /* LoginView.swift */ = {isa = PBXFileReference; lastKnownFileType = sourcecode.swift; path = LoginView.swift; sourceTree = "<group>"; };
		0CEF79952C322B3500697CFA /* ChecklistApp.swift */ = {isa = PBXFileReference; lastKnownFileType = sourcecode.swift; path = ChecklistApp.swift; sourceTree = "<group>"; };
/* End PBXFileReference section */

/* Begin PBXFrameworksBuildPhase section */
		0CEF791C2C2DEE9D00697CFA /* Frameworks */ = {
			isa = PBXFrameworksBuildPhase;
			buildActionMask = 2147483647;
			files = (
			);
			runOnlyForDeploymentPostprocessing = 0;
		};
		0CEF792C2C2DEE9F00697CFA /* Frameworks */ = {
			isa = PBXFrameworksBuildPhase;
			buildActionMask = 2147483647;
			files = (
			);
			runOnlyForDeploymentPostprocessing = 0;
		};
		0CEF79362C2DEE9F00697CFA /* Frameworks */ = {
			isa = PBXFrameworksBuildPhase;
			buildActionMask = 2147483647;
			files = (
			);
			runOnlyForDeploymentPostprocessing = 0;
		};
/* End PBXFrameworksBuildPhase section */

/* Begin PBXGroup section */
		0CEF79162C2DEE9D00697CFA = {
			isa = PBXGroup;
			children = (
				0CEF79212C2DEE9D00697CFA /* FirstSwiftUIApp */,
				0CEF79322C2DEE9F00697CFA /* FirstSwiftUIAppTests */,
				0CEF793C2C2DEE9F00697CFA /* FirstSwiftUIAppUITests */,
				0CEF79202C2DEE9D00697CFA /* Products */,
			);
			sourceTree = "<group>";
		};
		0CEF79202C2DEE9D00697CFA /* Products */ = {
			isa = PBXGroup;
			children = (
				0CEF791F2C2DEE9D00697CFA /* FirstSwiftUIApp.app */,
				0CEF792F2C2DEE9F00697CFA /* FirstSwiftUIAppTests.xctest */,
				0CEF79392C2DEE9F00697CFA /* FirstSwiftUIAppUITests.xctest */,
			);
			name = Products;
			sourceTree = "<group>";
		};
		0CEF79212C2DEE9D00697CFA /* FirstSwiftUIApp */ = {
			isa = PBXGroup;
			children = (
				0CEF79222C2DEE9D00697CFA /* FirstSwiftUIAppApp.swift */,
				0CEF79242C2DEE9D00697CFA /* ContentView.swift */,
				0CEF79912C2F6EF900697CFA /* LaunchScreen.swift */,
				0CEF798F2C2F649E00697CFA /* AddRemoveItemView.swift */,
				0CEF798D2C2F641300697CFA /* ListView.swift */,
				0CEF79952C322B3500697CFA /* ChecklistApp.swift */,
				0CEF79932C322A6800697CFA /* LoginView.swift */,
				0C42ACBD2C3317FF00CA229B /* TextFieldListView.swift */,
				0C42ACBF2C34442000CA229B /* TableView.swift */,
				0C5D69382C34F10200010D08 /* PractiseGround.swift */,
				0CEF79262C2DEE9E00697CFA /* Assets.xcassets */,
				0CEF79282C2DEE9F00697CFA /* Preview Content */,
			);
			path = FirstSwiftUIApp;
			sourceTree = "<group>";
		};
		0CEF79282C2DEE9F00697CFA /* Preview Content */ = {
			isa = PBXGroup;
			children = (
				0CEF79292C2DEE9F00697CFA /* Preview Assets.xcassets */,
			);
			path = "Preview Content";
			sourceTree = "<group>";
		};
		0CEF79322C2DEE9F00697CFA /* FirstSwiftUIAppTests */ = {
			isa = PBXGroup;
			children = (
				0CEF79332C2DEE9F00697CFA /* FirstSwiftUIAppTests.swift */,
			);
			path = FirstSwiftUIAppTests;
			sourceTree = "<group>";
		};
		0CEF793C2C2DEE9F00697CFA /* FirstSwiftUIAppUITests */ = {
			isa = PBXGroup;
			children = (
				0CEF793D2C2DEE9F00697CFA /* FirstSwiftUIAppUITests.swift */,
				0CEF793F2C2DEE9F00697CFA /* FirstSwiftUIAppUITestsLaunchTests.swift */,
			);
			path = FirstSwiftUIAppUITests;
			sourceTree = "<group>";
		};
/* End PBXGroup section */

/* Begin PBXNativeTarget section */
		0CEF791E2C2DEE9D00697CFA /* FirstSwiftUIApp */ = {
			isa = PBXNativeTarget;
			buildConfigurationList = 0CEF79432C2DEE9F00697CFA /* Build configuration list for PBXNativeTarget "FirstSwiftUIApp" */;
			buildPhases = (
				0CEF791B2C2DEE9D00697CFA /* Sources */,
				0CEF791C2C2DEE9D00697CFA /* Frameworks */,
				0CEF791D2C2DEE9D00697CFA /* Resources */,
			);
			buildRules = (
			);
			dependencies = (
			);
			name = FirstSwiftUIApp;
			productName = FirstSwiftUIApp;
			productReference = 0CEF791F2C2DEE9D00697CFA /* FirstSwiftUIApp.app */;
			productType = "com.apple.product-type.application";
		};
		0CEF792E2C2DEE9F00697CFA /* FirstSwiftUIAppTests */ = {
			isa = PBXNativeTarget;
			buildConfigurationList = 0CEF79462C2DEE9F00697CFA /* Build configuration list for PBXNativeTarget "FirstSwiftUIAppTests" */;
			buildPhases = (
				0CEF792B2C2DEE9F00697CFA /* Sources */,
				0CEF792C2C2DEE9F00697CFA /* Frameworks */,
				0CEF792D2C2DEE9F00697CFA /* Resources */,
			);
			buildRules = (
			);
			dependencies = (
				0CEF79312C2DEE9F00697CFA /* PBXTargetDependency */,
			);
			name = FirstSwiftUIAppTests;
			productName = FirstSwiftUIAppTests;
			productReference = 0CEF792F2C2DEE9F00697CFA /* FirstSwiftUIAppTests.xctest */;
			productType = "com.apple.product-type.bundle.unit-test";
		};
		0CEF79382C2DEE9F00697CFA /* FirstSwiftUIAppUITests */ = {
			isa = PBXNativeTarget;
			buildConfigurationList = 0CEF79492C2DEE9F00697CFA /* Build configuration list for PBXNativeTarget "FirstSwiftUIAppUITests" */;
			buildPhases = (
				0CEF79352C2DEE9F00697CFA /* Sources */,
				0CEF79362C2DEE9F00697CFA /* Frameworks */,
				0CEF79372C2DEE9F00697CFA /* Resources */,
			);
			buildRules = (
			);
			dependencies = (
				0CEF793B2C2DEE9F00697CFA /* PBXTargetDependency */,
			);
			name = FirstSwiftUIAppUITests;
			productName = FirstSwiftUIAppUITests;
			productReference = 0CEF79392C2DEE9F00697CFA /* FirstSwiftUIAppUITests.xctest */;
			productType = "com.apple.product-type.bundle.ui-testing";
		};
/* End PBXNativeTarget section */

/* Begin PBXProject section */
		0CEF79172C2DEE9D00697CFA /* Project object */ = {
			isa = PBXProject;
			attributes = {
				BuildIndependentTargetsInParallel = 1;
				LastSwiftUpdateCheck = 1540;
				LastUpgradeCheck = 1540;
				TargetAttributes = {
					0CEF791E2C2DEE9D00697CFA = {
						CreatedOnToolsVersion = 15.4;
					};
					0CEF792E2C2DEE9F00697CFA = {
						CreatedOnToolsVersion = 15.4;
						TestTargetID = 0CEF791E2C2DEE9D00697CFA;
					};
					0CEF79382C2DEE9F00697CFA = {
						CreatedOnToolsVersion = 15.4;
						TestTargetID = 0CEF791E2C2DEE9D00697CFA;
					};
				};
			};
			buildConfigurationList = 0CEF791A2C2DEE9D00697CFA /* Build configuration list for PBXProject "FirstSwiftUIApp" */;
			compatibilityVersion = "Xcode 14.0";
			developmentRegion = en;
			hasScannedForEncodings = 0;
			knownRegions = (
				en,
				Base,
			);
			mainGroup = 0CEF79162C2DEE9D00697CFA;
			productRefGroup = 0CEF79202C2DEE9D00697CFA /* Products */;
			projectDirPath = "";
			projectRoot = "";
			targets = (
				0CEF791E2C2DEE9D00697CFA /* FirstSwiftUIApp */,
				0CEF792E2C2DEE9F00697CFA /* FirstSwiftUIAppTests */,
				0CEF79382C2DEE9F00697CFA /* FirstSwiftUIAppUITests */,
			);
		};
/* End PBXProject section */

/* Begin PBXResourcesBuildPhase section */
		0CEF791D2C2DEE9D00697CFA /* Resources */ = {
			isa = PBXResourcesBuildPhase;
			buildActionMask = 2147483647;
			files = (
				0CEF792A2C2DEE9F00697CFA /* Preview Assets.xcassets in Resources */,
				0CEF79272C2DEE9E00697CFA /* Assets.xcassets in Resources */,
			);
			runOnlyForDeploymentPostprocessing = 0;
		};
		0CEF792D2C2DEE9F00697CFA /* Resources */ = {
			isa = PBXResourcesBuildPhase;
			buildActionMask = 2147483647;
			files = (
			);
			runOnlyForDeploymentPostprocessing = 0;
		};
		0CEF79372C2DEE9F00697CFA /* Resources */ = {
			isa = PBXResourcesBuildPhase;
			buildActionMask = 2147483647;
			files = (
			);
			runOnlyForDeploymentPostprocessing = 0;
		};
/* End PBXResourcesBuildPhase section */

/* Begin PBXSourcesBuildPhase section */
		0CEF791B2C2DEE9D00697CFA /* Sources */ = {
			isa = PBXSourcesBuildPhase;
			buildActionMask = 2147483647;
			files = (
				0CEF79922C2F6EF900697CFA /* LaunchScreen.swift in Sources */,
				0CEF79252C2DEE9D00697CFA /* ContentView.swift in Sources */,
				0C42ACBE2C3317FF00CA229B /* TextFieldListView.swift in Sources */,
				0CEF79962C322B3500697CFA /* ChecklistApp.swift in Sources */,
				0C42ACC02C34442000CA229B /* TableView.swift in Sources */,
				0C5D69392C34F10200010D08 /* PractiseGround.swift in Sources */,
				0CEF79942C322A6800697CFA /* LoginView.swift in Sources */,
				0CEF79232C2DEE9D00697CFA /* FirstSwiftUIAppApp.swift in Sources */,
				0CEF798E2C2F641300697CFA /* ListView.swift in Sources */,
				0CEF79902C2F649E00697CFA /* AddRemoveItemView.swift in Sources */,
			);
			runOnlyForDeploymentPostprocessing = 0;
		};
		0CEF792B2C2DEE9F00697CFA /* Sources */ = {
			isa = PBXSourcesBuildPhase;
			buildActionMask = 2147483647;
			files = (
				0CEF79342C2DEE9F00697CFA /* FirstSwiftUIAppTests.swift in Sources */,
			);
			runOnlyForDeploymentPostprocessing = 0;
		};
		0CEF79352C2DEE9F00697CFA /* Sources */ = {
			isa = PBXSourcesBuildPhase;
			buildActionMask = 2147483647;
			files = (
				0CEF793E2C2DEE9F00697CFA /* FirstSwiftUIAppUITests.swift in Sources */,
				0CEF79402C2DEE9F00697CFA /* FirstSwiftUIAppUITestsLaunchTests.swift in Sources */,
			);
			runOnlyForDeploymentPostprocessing = 0;
		};
/* End PBXSourcesBuildPhase section */

/* Begin PBXTargetDependency section */
		0CEF79312C2DEE9F00697CFA /* PBXTargetDependency */ = {
			isa = PBXTargetDependency;
			target = 0CEF791E2C2DEE9D00697CFA /* FirstSwiftUIApp */;
			targetProxy = 0CEF79302C2DEE9F00697CFA /* PBXContainerItemProxy */;
		};
		0CEF793B2C2DEE9F00697CFA /* PBXTargetDependency */ = {
			isa = PBXTargetDependency;
			target = 0CEF791E2C2DEE9D00697CFA /* FirstSwiftUIApp */;
			targetProxy = 0CEF793A2C2DEE9F00697CFA /* PBXContainerItemProxy */;
		};
/* End PBXTargetDependency section */

/* Begin XCBuildConfiguration section */
		0CEF79412C2DEE9F00697CFA /* Debug */ = {
			isa = XCBuildConfiguration;
			buildSettings = {
				ALWAYS_SEARCH_USER_PATHS = NO;
				ASSETCATALOG_COMPILER_GENERATE_SWIFT_ASSET_SYMBOL_EXTENSIONS = YES;
				CLANG_ANALYZER_NONNULL = YES;
				CLANG_ANALYZER_NUMBER_OBJECT_CONVERSION = YES_AGGRESSIVE;
				CLANG_CXX_LANGUAGE_STANDARD = "gnu++20";
				CLANG_ENABLE_MODULES = YES;
				CLANG_ENABLE_OBJC_ARC = YES;
				CLANG_ENABLE_OBJC_WEAK = YES;
				CLANG_WARN_BLOCK_CAPTURE_AUTORELEASING = YES;
				CLANG_WARN_BOOL_CONVERSION = YES;
				CLANG_WARN_COMMA = YES;
				CLANG_WARN_CONSTANT_CONVERSION = YES;
				CLANG_WARN_DEPRECATED_OBJC_IMPLEMENTATIONS = YES;
				CLANG_WARN_DIRECT_OBJC_ISA_USAGE = YES_ERROR;
				CLANG_WARN_DOCUMENTATION_COMMENTS = YES;
				CLANG_WARN_EMPTY_BODY = YES;
				CLANG_WARN_ENUM_CONVERSION = YES;
				CLANG_WARN_INFINITE_RECURSION = YES;
				CLANG_WARN_INT_CONVERSION = YES;
				CLANG_WARN_NON_LITERAL_NULL_CONVERSION = YES;
				CLANG_WARN_OBJC_IMPLICIT_RETAIN_SELF = YES;
				CLANG_WARN_OBJC_LITERAL_CONVERSION = YES;
				CLANG_WARN_OBJC_ROOT_CLASS = YES_ERROR;
				CLANG_WARN_QUOTED_INCLUDE_IN_FRAMEWORK_HEADER = YES;
				CLANG_WARN_RANGE_LOOP_ANALYSIS = YES;
				CLANG_WARN_STRICT_PROTOTYPES = YES;
				CLANG_WARN_SUSPICIOUS_MOVE = YES;
				CLANG_WARN_UNGUARDED_AVAILABILITY = YES_AGGRESSIVE;
				CLANG_WARN_UNREACHABLE_CODE = YES;
				CLANG_WARN__DUPLICATE_METHOD_MATCH = YES;
				COPY_PHASE_STRIP = NO;
				DEBUG_INFORMATION_FORMAT = dwarf;
				ENABLE_STRICT_OBJC_MSGSEND = YES;
				ENABLE_TESTABILITY = YES;
				ENABLE_USER_SCRIPT_SANDBOXING = YES;
				GCC_C_LANGUAGE_STANDARD = gnu17;
				GCC_DYNAMIC_NO_PIC = NO;
				GCC_NO_COMMON_BLOCKS = YES;
				GCC_OPTIMIZATION_LEVEL = 0;
				GCC_PREPROCESSOR_DEFINITIONS = (
					"DEBUG=1",
					"$(inherited)",
				);
				GCC_WARN_64_TO_32_BIT_CONVERSION = YES;
				GCC_WARN_ABOUT_RETURN_TYPE = YES_ERROR;
				GCC_WARN_UNDECLARED_SELECTOR = YES;
				GCC_WARN_UNINITIALIZED_AUTOS = YES_AGGRESSIVE;
				GCC_WARN_UNUSED_FUNCTION = YES;
				GCC_WARN_UNUSED_VARIABLE = YES;
				IPHONEOS_DEPLOYMENT_TARGET = 17.5;
				LOCALIZATION_PREFERS_STRING_CATALOGS = YES;
				MTL_ENABLE_DEBUG_INFO = INCLUDE_SOURCE;
				MTL_FAST_MATH = YES;
				ONLY_ACTIVE_ARCH = YES;
				SDKROOT = iphoneos;
				SWIFT_ACTIVE_COMPILATION_CONDITIONS = "DEBUG $(inherited)";
				SWIFT_OPTIMIZATION_LEVEL = "-Onone";
			};
			name = Debug;
		};
		0CEF79422C2DEE9F00697CFA /* Release */ = {
			isa = XCBuildConfiguration;
			buildSettings = {
				ALWAYS_SEARCH_USER_PATHS = NO;
				ASSETCATALOG_COMPILER_GENERATE_SWIFT_ASSET_SYMBOL_EXTENSIONS = YES;
				CLANG_ANALYZER_NONNULL = YES;
				CLANG_ANALYZER_NUMBER_OBJECT_CONVERSION = YES_AGGRESSIVE;
				CLANG_CXX_LANGUAGE_STANDARD = "gnu++20";
				CLANG_ENABLE_MODULES = YES;
				CLANG_ENABLE_OBJC_ARC = YES;
				CLANG_ENABLE_OBJC_WEAK = YES;
				CLANG_WARN_BLOCK_CAPTURE_AUTORELEASING = YES;
				CLANG_WARN_BOOL_CONVERSION = YES;
				CLANG_WARN_COMMA = YES;
				CLANG_WARN_CONSTANT_CONVERSION = YES;
				CLANG_WARN_DEPRECATED_OBJC_IMPLEMENTATIONS = YES;
				CLANG_WARN_DIRECT_OBJC_ISA_USAGE = YES_ERROR;
				CLANG_WARN_DOCUMENTATION_COMMENTS = YES;
				CLANG_WARN_EMPTY_BODY = YES;
				CLANG_WARN_ENUM_CONVERSION = YES;
				CLANG_WARN_INFINITE_RECURSION = YES;
				CLANG_WARN_INT_CONVERSION = YES;
				CLANG_WARN_NON_LITERAL_NULL_CONVERSION = YES;
				CLANG_WARN_OBJC_IMPLICIT_RETAIN_SELF = YES;
				CLANG_WARN_OBJC_LITERAL_CONVERSION = YES;
				CLANG_WARN_OBJC_ROOT_CLASS = YES_ERROR;
				CLANG_WARN_QUOTED_INCLUDE_IN_FRAMEWORK_HEADER = YES;
				CLANG_WARN_RANGE_LOOP_ANALYSIS = YES;
				CLANG_WARN_STRICT_PROTOTYPES = YES;
				CLANG_WARN_SUSPICIOUS_MOVE = YES;
				CLANG_WARN_UNGUARDED_AVAILABILITY = YES_AGGRESSIVE;
				CLANG_WARN_UNREACHABLE_CODE = YES;
				CLANG_WARN__DUPLICATE_METHOD_MATCH = YES;
				COPY_PHASE_STRIP = NO;
				DEBUG_INFORMATION_FORMAT = "dwarf-with-dsym";
				ENABLE_NS_ASSERTIONS = NO;
				ENABLE_STRICT_OBJC_MSGSEND = YES;
				ENABLE_USER_SCRIPT_SANDBOXING = YES;
				GCC_C_LANGUAGE_STANDARD = gnu17;
				GCC_NO_COMMON_BLOCKS = YES;
				GCC_WARN_64_TO_32_BIT_CONVERSION = YES;
				GCC_WARN_ABOUT_RETURN_TYPE = YES_ERROR;
				GCC_WARN_UNDECLARED_SELECTOR = YES;
				GCC_WARN_UNINITIALIZED_AUTOS = YES_AGGRESSIVE;
				GCC_WARN_UNUSED_FUNCTION = YES;
				GCC_WARN_UNUSED_VARIABLE = YES;
				IPHONEOS_DEPLOYMENT_TARGET = 17.5;
				LOCALIZATION_PREFERS_STRING_CATALOGS = YES;
				MTL_ENABLE_DEBUG_INFO = NO;
				MTL_FAST_MATH = YES;
				SDKROOT = iphoneos;
				SWIFT_COMPILATION_MODE = wholemodule;
				VALIDATE_PRODUCT = YES;
			};
			name = Release;
		};
		0CEF79442C2DEE9F00697CFA /* Debug */ = {
			isa = XCBuildConfiguration;
			buildSettings = {
				ASSETCATALOG_COMPILER_APPICON_NAME = AppIcon;
				ASSETCATALOG_COMPILER_GLOBAL_ACCENT_COLOR_NAME = AccentColor;
				CODE_SIGN_STYLE = Automatic;
				CURRENT_PROJECT_VERSION = 1;
				DEVELOPMENT_ASSET_PATHS = "\"FirstSwiftUIApp/Preview Content\"";
				ENABLE_PREVIEWS = YES;
				GENERATE_INFOPLIST_FILE = YES;
				INFOPLIST_KEY_UIApplicationSceneManifest_Generation = YES;
				INFOPLIST_KEY_UIApplicationSupportsIndirectInputEvents = YES;
				INFOPLIST_KEY_UILaunchScreen_Generation = YES;
				INFOPLIST_KEY_UISupportedInterfaceOrientations_iPad = "UIInterfaceOrientationPortrait UIInterfaceOrientationPortraitUpsideDown UIInterfaceOrientationLandscapeLeft UIInterfaceOrientationLandscapeRight";
				INFOPLIST_KEY_UISupportedInterfaceOrientations_iPhone = "UIInterfaceOrientationPortrait UIInterfaceOrientationLandscapeLeft UIInterfaceOrientationLandscapeRight";
				LD_RUNPATH_SEARCH_PATHS = (
					"$(inherited)",
					"@executable_path/Frameworks",
				);
				MARKETING_VERSION = 1.0;
				PRODUCT_BUNDLE_IDENTIFIER = com.kuldeepSingh.development.FirstSwiftUIApp;
				PRODUCT_NAME = "$(TARGET_NAME)";
				SWIFT_EMIT_LOC_STRINGS = YES;
				SWIFT_VERSION = 5.0;
				TARGETED_DEVICE_FAMILY = "1,2";
			};
			name = Debug;
		};
		0CEF79452C2DEE9F00697CFA /* Release */ = {
			isa = XCBuildConfiguration;
			buildSettings = {
				ASSETCATALOG_COMPILER_APPICON_NAME = AppIcon;
				ASSETCATALOG_COMPILER_GLOBAL_ACCENT_COLOR_NAME = AccentColor;
				CODE_SIGN_STYLE = Automatic;
				CURRENT_PROJECT_VERSION = 1;
				DEVELOPMENT_ASSET_PATHS = "\"FirstSwiftUIApp/Preview Content\"";
				ENABLE_PREVIEWS = YES;
				GENERATE_INFOPLIST_FILE = YES;
				INFOPLIST_KEY_UIApplicationSceneManifest_Generation = YES;
				INFOPLIST_KEY_UIApplicationSupportsIndirectInputEvents = YES;
				INFOPLIST_KEY_UILaunchScreen_Generation = YES;
				INFOPLIST_KEY_UISupportedInterfaceOrientations_iPad = "UIInterfaceOrientationPortrait UIInterfaceOrientationPortraitUpsideDown UIInterfaceOrientationLandscapeLeft UIInterfaceOrientationLandscapeRight";
				INFOPLIST_KEY_UISupportedInterfaceOrientations_iPhone = "UIInterfaceOrientationPortrait UIInterfaceOrientationLandscapeLeft UIInterfaceOrientationLandscapeRight";
				LD_RUNPATH_SEARCH_PATHS = (
					"$(inherited)",
					"@executable_path/Frameworks",
				);
				MARKETING_VERSION = 1.0;
				PRODUCT_BUNDLE_IDENTIFIER = com.kuldeepSingh.development.FirstSwiftUIApp;
				PRODUCT_NAME = "$(TARGET_NAME)";
				SWIFT_EMIT_LOC_STRINGS = YES;
				SWIFT_VERSION = 5.0;
				TARGETED_DEVICE_FAMILY = "1,2";
			};
			name = Release;
		};
		0CEF79472C2DEE9F00697CFA /* Debug */ = {
			isa = XCBuildConfiguration;
			buildSettings = {
				ALWAYS_EMBED_SWIFT_STANDARD_LIBRARIES = YES;
				BUNDLE_LOADER = "$(TEST_HOST)";
				CODE_SIGN_STYLE = Automatic;
				CURRENT_PROJECT_VERSION = 1;
				GENERATE_INFOPLIST_FILE = YES;
				IPHONEOS_DEPLOYMENT_TARGET = 17.5;
				MARKETING_VERSION = 1.0;
				PRODUCT_BUNDLE_IDENTIFIER = com.kuldeepSingh.development.FirstSwiftUIAppTests;
				PRODUCT_NAME = "$(TARGET_NAME)";
				SWIFT_EMIT_LOC_STRINGS = NO;
				SWIFT_VERSION = 5.0;
				TARGETED_DEVICE_FAMILY = "1,2";
				TEST_HOST = "$(BUILT_PRODUCTS_DIR)/FirstSwiftUIApp.app/$(BUNDLE_EXECUTABLE_FOLDER_PATH)/FirstSwiftUIApp";
			};
			name = Debug;
		};
		0CEF79482C2DEE9F00697CFA /* Release */ = {
			isa = XCBuildConfiguration;
			buildSettings = {
				ALWAYS_EMBED_SWIFT_STANDARD_LIBRARIES = YES;
				BUNDLE_LOADER = "$(TEST_HOST)";
				CODE_SIGN_STYLE = Automatic;
				CURRENT_PROJECT_VERSION = 1;
				GENERATE_INFOPLIST_FILE = YES;
				IPHONEOS_DEPLOYMENT_TARGET = 17.5;
				MARKETING_VERSION = 1.0;
				PRODUCT_BUNDLE_IDENTIFIER = com.kuldeepSingh.development.FirstSwiftUIAppTests;
				PRODUCT_NAME = "$(TARGET_NAME)";
				SWIFT_EMIT_LOC_STRINGS = NO;
				SWIFT_VERSION = 5.0;
				TARGETED_DEVICE_FAMILY = "1,2";
				TEST_HOST = "$(BUILT_PRODUCTS_DIR)/FirstSwiftUIApp.app/$(BUNDLE_EXECUTABLE_FOLDER_PATH)/FirstSwiftUIApp";
			};
			name = Release;
		};
		0CEF794A2C2DEE9F00697CFA /* Debug */ = {
			isa = XCBuildConfiguration;
			buildSettings = {
				ALWAYS_EMBED_SWIFT_STANDARD_LIBRARIES = YES;
				CODE_SIGN_STYLE = Automatic;
				CURRENT_PROJECT_VERSION = 1;
				GENERATE_INFOPLIST_FILE = YES;
				MARKETING_VERSION = 1.0;
				PRODUCT_BUNDLE_IDENTIFIER = com.kuldeepSingh.development.FirstSwiftUIAppUITests;
				PRODUCT_NAME = "$(TARGET_NAME)";
				SWIFT_EMIT_LOC_STRINGS = NO;
				SWIFT_VERSION = 5.0;
				TARGETED_DEVICE_FAMILY = "1,2";
				TEST_TARGET_NAME = FirstSwiftUIApp;
			};
			name = Debug;
		};
		0CEF794B2C2DEE9F00697CFA /* Release */ = {
			isa = XCBuildConfiguration;
			buildSettings = {
				ALWAYS_EMBED_SWIFT_STANDARD_LIBRARIES = YES;
				CODE_SIGN_STYLE = Automatic;
				CURRENT_PROJECT_VERSION = 1;
				GENERATE_INFOPLIST_FILE = YES;
				MARKETING_VERSION = 1.0;
				PRODUCT_BUNDLE_IDENTIFIER = com.kuldeepSingh.development.FirstSwiftUIAppUITests;
				PRODUCT_NAME = "$(TARGET_NAME)";
				SWIFT_EMIT_LOC_STRINGS = NO;
				SWIFT_VERSION = 5.0;
				TARGETED_DEVICE_FAMILY = "1,2";
				TEST_TARGET_NAME = FirstSwiftUIApp;
			};
			name = Release;
		};
/* End XCBuildConfiguration section */

/* Begin XCConfigurationList section */
		0CEF791A2C2DEE9D00697CFA /* Build configuration list for PBXProject "FirstSwiftUIApp" */ = {
			isa = XCConfigurationList;
			buildConfigurations = (
				0CEF79412C2DEE9F00697CFA /* Debug */,
				0CEF79422C2DEE9F00697CFA /* Release */,
			);
			defaultConfigurationIsVisible = 0;
			defaultConfigurationName = Release;
		};
		0CEF79432C2DEE9F00697CFA /* Build configuration list for PBXNativeTarget "FirstSwiftUIApp" */ = {
			isa = XCConfigurationList;
			buildConfigurations = (
				0CEF79442C2DEE9F00697CFA /* Debug */,
				0CEF79452C2DEE9F00697CFA /* Release */,
			);
			defaultConfigurationIsVisible = 0;
			defaultConfigurationName = Release;
		};
		0CEF79462C2DEE9F00697CFA /* Build configuration list for PBXNativeTarget "FirstSwiftUIAppTests" */ = {
			isa = XCConfigurationList;
			buildConfigurations = (
				0CEF79472C2DEE9F00697CFA /* Debug */,
				0CEF79482C2DEE9F00697CFA /* Release */,
			);
			defaultConfigurationIsVisible = 0;
			defaultConfigurationName = Release;
		};
		0CEF79492C2DEE9F00697CFA /* Build configuration list for PBXNativeTarget "FirstSwiftUIAppUITests" */ = {
			isa = XCConfigurationList;
			buildConfigurations = (
				0CEF794A2C2DEE9F00697CFA /* Debug */,
				0CEF794B2C2DEE9F00697CFA /* Release */,
			);
			defaultConfigurationIsVisible = 0;
			defaultConfigurationName = Release;
		};
/* End XCConfigurationList section */
	};
	rootObject = 0CEF79172C2DEE9D00697CFA /* Project object */;
}
